
Microsoft Visual Studio Solution File, Format Version 12.00
# Visual Studio 2015
Project("{FAE04EC0-301F-11D3-BF4B-00C04F79EFBC}") = "GameDesign2", "GameDesign2.csproj", "{4F563AFF-50EF-16E4-5D21-7AC91AF41DE7}"
EndProject
Project("{FAE04EC0-301F-11D3-BF4B-00C04F79EFBC}") = "GameDesign2.Editor", "GameDesign2.Editor.csproj", "{A9E92AA1-E77E-1F7E-4447-F66A655660DC}"
EndProject
Global
	GlobalSection(SolutionConfigurationPlatforms) = preSolution
		Debug|Any CPU = Debug|Any CPU
		Release|Any CPU = Release|Any CPU
	EndGlobalSection
	GlobalSection(ProjectConfigurationPlatforms) = postSolution
		{4F563AFF-50EF-16E4-5D21-7AC91AF41DE7}.Debug|Any CPU.ActiveCfg = Debug|Any CPU
		{4F563AFF-50EF-16E4-5D21-7AC91AF41DE7}.Debug|Any CPU.Build.0 = Debug|Any CPU
		{4F563AFF-50EF-16E4-5D21-7AC91AF41DE7}.Release|Any CPU.ActiveCfg = Release|Any CPU
		{4F563AFF-50EF-16E4-5D21-7AC91AF41DE7}.Release|Any CPU.Build.0 = Release|Any CPU
		{A9E92AA1-E77E-1F7E-4447-F66A655660DC}.Debug|Any CPU.ActiveCfg = Debug|Any CPU
		{A9E92AA1-E77E-1F7E-4447-F66A655660DC}.Debug|Any CPU.Build.0 = Debug|Any CPU
		{A9E92AA1-E77E-1F7E-4447-F66A655660DC}.Release|Any CPU.ActiveCfg = Release|Any CPU
		{A9E92AA1-E77E-1F7E-4447-F66A655660DC}.Release|Any CPU.Build.0 = Release|Any CPU
	EndGlobalSection
	GlobalSection(SolutionProperties) = preSolution
		HideSolutionNode = FALSE
	EndGlobalSection
EndGlobal
